
Microsoft Visual Studio Solution File, Format Version 12.00
# Visual Studio 15
VisualStudioVersion = 15.0.28010.2041
MinimumVisualStudioVersion = 10.0.40219.1
Project("{9A19103F-16F7-4668-BE54-9A1E7A4F7556}") = "DataLayer", "DataLayer\DataLayer.csproj", "{7B89945B-AC5C-4C6F-8B1E-4038920EFA02}"
EndProject
Project("{9A19103F-16F7-4668-BE54-9A1E7A4F7556}") = "WebService", "WebService\WebService.csproj", "{8DE66E1F-E7D4-4A49-BEC8-EB83229758A8}"
EndProject
Project("{FAE04EC0-301F-11D3-BF4B-00C04F79EFBC}") = "ProjoctPortfolioTests", "DataServiceTest\ProjoctPortfolioTests.csproj", "{7C347933-90F4-419E-8F4D-0F8544E42430}"
EndProject
Global
	GlobalSection(SolutionConfigurationPlatforms) = preSolution
		Debug|Any CPU = Debug|Any CPU
		Release|Any CPU = Release|Any CPU
	EndGlobalSection
	GlobalSection(ProjectConfigurationPlatforms) = postSolution
		{7B89945B-AC5C-4C6F-8B1E-4038920EFA02}.Debug|Any CPU.ActiveCfg = Debug|Any CPU
		{7B89945B-AC5C-4C6F-8B1E-4038920EFA02}.Debug|Any CPU.Build.0 = Debug|Any CPU
		{7B89945B-AC5C-4C6F-8B1E-4038920EFA02}.Release|Any CPU.ActiveCfg = Release|Any CPU
		{7B89945B-AC5C-4C6F-8B1E-4038920EFA02}.Release|Any CPU.Build.0 = Release|Any CPU
		{8DE66E1F-E7D4-4A49-BEC8-EB83229758A8}.Debug|Any CPU.ActiveCfg = Debug|Any CPU
		{8DE66E1F-E7D4-4A49-BEC8-EB83229758A8}.Debug|Any CPU.Build.0 = Debug|Any CPU
		{8DE66E1F-E7D4-4A49-BEC8-EB83229758A8}.Release|Any CPU.ActiveCfg = Release|Any CPU
		{8DE66E1F-E7D4-4A49-BEC8-EB83229758A8}.Release|Any CPU.Build.0 = Release|Any CPU
		{7C347933-90F4-419E-8F4D-0F8544E42430}.Debug|Any CPU.ActiveCfg = Debug|Any CPU
		{7C347933-90F4-419E-8F4D-0F8544E42430}.Debug|Any CPU.Build.0 = Debug|Any CPU
		{7C347933-90F4-419E-8F4D-0F8544E42430}.Release|Any CPU.ActiveCfg = Release|Any CPU
		{7C347933-90F4-419E-8F4D-0F8544E42430}.Release|Any CPU.Build.0 = Release|Any CPU
	EndGlobalSection
	GlobalSection(SolutionProperties) = preSolution
		HideSolutionNode = FALSE
	EndGlobalSection
	GlobalSection(ExtensibilityGlobals) = postSolution
		SolutionGuid = {C9453EE4-53D7-4C82-9423-2D53EFE3655F}
	EndGlobalSection
EndGlobal
